
Microsoft Visual Studio Solution File, Format Version 12.00
# Visual Studio Version 16
VisualStudioVersion = 16.0.31702.278
MinimumVisualStudioVersion = 10.0.40219.1
Project("{FAE04EC0-301F-11D3-BF4B-00C04F79EFBC}") = "MoviesAppproject", "MoviesAppproject.csproj", "{FFEF1B4A-DF05-499C-9F50-3F18CA1E95F8}"
EndProject
Global
	GlobalSection(SolutionConfigurationPlatforms) = preSolution
		Debug|Any CPU = Debug|Any CPU
		Release|Any CPU = Release|Any CPU
	EndGlobalSection
	GlobalSection(ProjectConfigurationPlatforms) = postSolution
		{FFEF1B4A-DF05-499C-9F50-3F18CA1E95F8}.Debug|Any CPU.ActiveCfg = Debug|Any CPU
		{FFEF1B4A-DF05-499C-9F50-3F18CA1E95F8}.Debug|Any CPU.Build.0 = Debug|Any CPU
		{FFEF1B4A-DF05-499C-9F50-3F18CA1E95F8}.Release|Any CPU.ActiveCfg = Release|Any CPU
		{FFEF1B4A-DF05-499C-9F50-3F18CA1E95F8}.Release|Any CPU.Build.0 = Release|Any CPU
	EndGlobalSection
	GlobalSection(SolutionProperties) = preSolution
		HideSolutionNode = FALSE
	EndGlobalSection
	GlobalSection(ExtensibilityGlobals) = postSolution
		SolutionGuid = {B51491CC-252B-4AF3-B25C-8383CBF972DB}
	EndGlobalSection
EndGlobal
